
Microsoft Visual Studio Solution File, Format Version 12.00
# Visual Studio Version 17
VisualStudioVersion = 17.0.32126.317
MinimumVisualStudioVersion = 10.0.40219.1
Project("{2150E333-8FDC-42A3-9474-1A3956D46DE8}") = "src", "src", "{D635824E-349A-4B66-B335-26C53FB2F530}"
EndProject
Project("{2150E333-8FDC-42A3-9474-1A3956D46DE8}") = "Libraries", "Libraries", "{FB464ADA-526A-49CB-B31D-730D808EDED0}"
EndProject
Project("{2150E333-8FDC-42A3-9474-1A3956D46DE8}") = "UI", "UI", "{619FB45F-BD60-48F2-8A8D-2BC2671BA3D7}"
EndProject
Project("{2150E333-8FDC-42A3-9474-1A3956D46DE8}") = "Solution Items", "Solution Items", "{8CE948F1-FA91-41B2-9C7B-088C1B5AC1F8}"
EndProject
Project("{2150E333-8FDC-42A3-9474-1A3956D46DE8}") = "Tests", "Tests", "{9F63B3C1-88FE-407B-84A1-5D505582CAE0}"
EndProject
Project("{9A19103F-16F7-4668-BE54-9A1E7A4F7556}") = "BlogApp.API", "src\Libraries\BlogApp.API\BlogApp.API.csproj", "{2BB01042-D2D4-400F-8AA6-9A6C6CD8846D}"
EndProject
Project("{9A19103F-16F7-4668-BE54-9A1E7A4F7556}") = "BlogApp.Authentication", "src\Libraries\BlogApp.Authentication\BlogApp.Authentication.csproj", "{DC0DC7A2-80FA-419A-9E0F-D9A20186412D}"
EndProject
Project("{9A19103F-16F7-4668-BE54-9A1E7A4F7556}") = "BlogApp.Business", "src\Libraries\BlogApp.Business\BlogApp.Business.csproj", "{F52940D0-3AD1-4FDA-821F-D9468937CFF2}"
EndProject
Project("{9A19103F-16F7-4668-BE54-9A1E7A4F7556}") = "BlogApp.Core", "src\Libraries\BlogApp.Core\BlogApp.Core.csproj", "{8CC0F3EB-72CF-4D19-8D62-2226399DAD61}"
EndProject
Project("{9A19103F-16F7-4668-BE54-9A1E7A4F7556}") = "BlogApp.Core.Utilities", "src\Libraries\BlogApp.Core.Utilities\BlogApp.Core.Utilities.csproj", "{90D5061E-247D-497C-8FFF-EBAA8F9830FC}"
EndProject
Project("{9A19103F-16F7-4668-BE54-9A1E7A4F7556}") = "BlogApp.DataAccess", "src\Libraries\BlogApp.DataAccess\BlogApp.DataAccess.csproj", "{BD4A3465-2F2E-4A51-9A9C-0FA428A5ACCC}"
EndProject
Project("{9A19103F-16F7-4668-BE54-9A1E7A4F7556}") = "BlogApp.Entities", "src\Libraries\BlogApp.Entities\BlogApp.Entities.csproj", "{76725C3C-89FA-4EF6-B039-2D28AE9704D0}"
EndProject
Project("{9A19103F-16F7-4668-BE54-9A1E7A4F7556}") = "BlogApp.Entities.Dtos", "src\Libraries\BlogApp.Entities.Dtos\BlogApp.Entities.Dtos.csproj", "{63295E37-DAA6-4CA7-886C-9459071EB93B}"
EndProject
Project("{9A19103F-16F7-4668-BE54-9A1E7A4F7556}") = "BlogApp.UnitTests", "src\Tests\BlogApp.UnitTests\BlogApp.UnitTests.csproj", "{70D26502-11E2-48DF-8915-4C691CD2D2AB}"
EndProject
Project("{9A19103F-16F7-4668-BE54-9A1E7A4F7556}") = "BlogApp.Core.Utilities.LoggerServices", "src\Libraries\BlogApp.Core.Utilities.LoggerServices\BlogApp.Core.Utilities.LoggerServices.csproj", "{DE2721CB-2B77-46E0-9B31-2C1B4FBDF830}"
EndProject
Project("{9A19103F-16F7-4668-BE54-9A1E7A4F7556}") = "BlogApp.DataAccess.EFCore", "src\Libraries\BlogApp.DataAccess.EFCore\BlogApp.DataAccess.EFCore.csproj", "{76217F3C-1B27-49E8-A7B1-71A210807DDC}"
EndProject
Project("{9A19103F-16F7-4668-BE54-9A1E7A4F7556}") = "BlogApp.DataAccess.Interfaces", "src\Libraries\BlogApp.DataAccess.Interfaces\BlogApp.DataAccess.Interfaces.csproj", "{8A4B270A-9A00-4416-A40E-C1650A39ABAD}"
EndProject
Project("{9A19103F-16F7-4668-BE54-9A1E7A4F7556}") = "BlogApp.MVCUI", "src\UI\BlogApp.MVCUI\BlogApp.MVCUI.csproj", "{58FDBD39-51B9-4F44-878D-C2DF15B7286B}"
EndProject
Project("{9A19103F-16F7-4668-BE54-9A1E7A4F7556}") = "BlogApp.Entities.Configurations", "src\Libraries\BlogApp.Entities.Configurations\BlogApp.Entities.Configurations.csproj", "{678D2D60-5522-4355-AE8E-4B13140DAF3D}"
EndProject
Global
	GlobalSection(SolutionConfigurationPlatforms) = preSolution
		Debug|Any CPU = Debug|Any CPU
		Release|Any CPU = Release|Any CPU
	EndGlobalSection
	GlobalSection(ProjectConfigurationPlatforms) = postSolution
		{2BB01042-D2D4-400F-8AA6-9A6C6CD8846D}.Debug|Any CPU.ActiveCfg = Debug|Any CPU
		{2BB01042-D2D4-400F-8AA6-9A6C6CD8846D}.Debug|Any CPU.Build.0 = Debug|Any CPU
		{2BB01042-D2D4-400F-8AA6-9A6C6CD8846D}.Release|Any CPU.ActiveCfg = Release|Any CPU
		{2BB01042-D2D4-400F-8AA6-9A6C6CD8846D}.Release|Any CPU.Build.0 = Release|Any CPU
		{DC0DC7A2-80FA-419A-9E0F-D9A20186412D}.Debug|Any CPU.ActiveCfg = Debug|Any CPU
		{DC0DC7A2-80FA-419A-9E0F-D9A20186412D}.Debug|Any CPU.Build.0 = Debug|Any CPU
		{DC0DC7A2-80FA-419A-9E0F-D9A20186412D}.Release|Any CPU.ActiveCfg = Release|Any CPU
		{DC0DC7A2-80FA-419A-9E0F-D9A20186412D}.Release|Any CPU.Build.0 = Release|Any CPU
		{F52940D0-3AD1-4FDA-821F-D9468937CFF2}.Debug|Any CPU.ActiveCfg = Debug|Any CPU
		{F52940D0-3AD1-4FDA-821F-D9468937CFF2}.Debug|Any CPU.Build.0 = Debug|Any CPU
		{F52940D0-3AD1-4FDA-821F-D9468937CFF2}.Release|Any CPU.ActiveCfg = Release|Any CPU
		{F52940D0-3AD1-4FDA-821F-D9468937CFF2}.Release|Any CPU.Build.0 = Release|Any CPU
		{8CC0F3EB-72CF-4D19-8D62-2226399DAD61}.Debug|Any CPU.ActiveCfg = Debug|Any CPU
		{8CC0F3EB-72CF-4D19-8D62-2226399DAD61}.Debug|Any CPU.Build.0 = Debug|Any CPU
		{8CC0F3EB-72CF-4D19-8D62-2226399DAD61}.Release|Any CPU.ActiveCfg = Release|Any CPU
		{8CC0F3EB-72CF-4D19-8D62-2226399DAD61}.Release|Any CPU.Build.0 = Release|Any CPU
		{90D5061E-247D-497C-8FFF-EBAA8F9830FC}.Debug|Any CPU.ActiveCfg = Debug|Any CPU
		{90D5061E-247D-497C-8FFF-EBAA8F9830FC}.Debug|Any CPU.Build.0 = Debug|Any CPU
		{90D5061E-247D-497C-8FFF-EBAA8F9830FC}.Release|Any CPU.ActiveCfg = Release|Any CPU
		{90D5061E-247D-497C-8FFF-EBAA8F9830FC}.Release|Any CPU.Build.0 = Release|Any CPU
		{BD4A3465-2F2E-4A51-9A9C-0FA428A5ACCC}.Debug|Any CPU.ActiveCfg = Debug|Any CPU
		{BD4A3465-2F2E-4A51-9A9C-0FA428A5ACCC}.Debug|Any CPU.Build.0 = Debug|Any CPU
		{BD4A3465-2F2E-4A51-9A9C-0FA428A5ACCC}.Release|Any CPU.ActiveCfg = Release|Any CPU
		{BD4A3465-2F2E-4A51-9A9C-0FA428A5ACCC}.Release|Any CPU.Build.0 = Release|Any CPU
		{76725C3C-89FA-4EF6-B039-2D28AE9704D0}.Debug|Any CPU.ActiveCfg = Debug|Any CPU
		{76725C3C-89FA-4EF6-B039-2D28AE9704D0}.Debug|Any CPU.Build.0 = Debug|Any CPU
		{76725C3C-89FA-4EF6-B039-2D28AE9704D0}.Release|Any CPU.ActiveCfg = Release|Any CPU
		{76725C3C-89FA-4EF6-B039-2D28AE9704D0}.Release|Any CPU.Build.0 = Release|Any CPU
		{63295E37-DAA6-4CA7-886C-9459071EB93B}.Debug|Any CPU.ActiveCfg = Debug|Any CPU
		{63295E37-DAA6-4CA7-886C-9459071EB93B}.Debug|Any CPU.Build.0 = Debug|Any CPU
		{63295E37-DAA6-4CA7-886C-9459071EB93B}.Release|Any CPU.ActiveCfg = Release|Any CPU
		{63295E37-DAA6-4CA7-886C-9459071EB93B}.Release|Any CPU.Build.0 = Release|Any CPU
		{70D26502-11E2-48DF-8915-4C691CD2D2AB}.Debug|Any CPU.ActiveCfg = Debug|Any CPU
		{70D26502-11E2-48DF-8915-4C691CD2D2AB}.Debug|Any CPU.Build.0 = Debug|Any CPU
		{70D26502-11E2-48DF-8915-4C691CD2D2AB}.Release|Any CPU.ActiveCfg = Release|Any CPU
		{70D26502-11E2-48DF-8915-4C691CD2D2AB}.Release|Any CPU.Build.0 = Release|Any CPU
		{DE2721CB-2B77-46E0-9B31-2C1B4FBDF830}.Debug|Any CPU.ActiveCfg = Debug|Any CPU
		{DE2721CB-2B77-46E0-9B31-2C1B4FBDF830}.Debug|Any CPU.Build.0 = Debug|Any CPU
		{DE2721CB-2B77-46E0-9B31-2C1B4FBDF830}.Release|Any CPU.ActiveCfg = Release|Any CPU
		{DE2721CB-2B77-46E0-9B31-2C1B4FBDF830}.Release|Any CPU.Build.0 = Release|Any CPU
		{76217F3C-1B27-49E8-A7B1-71A210807DDC}.Debug|Any CPU.ActiveCfg = Debug|Any CPU
		{76217F3C-1B27-49E8-A7B1-71A210807DDC}.Debug|Any CPU.Build.0 = Debug|Any CPU
		{76217F3C-1B27-49E8-A7B1-71A210807DDC}.Release|Any CPU.ActiveCfg = Release|Any CPU
		{76217F3C-1B27-49E8-A7B1-71A210807DDC}.Release|Any CPU.Build.0 = Release|Any CPU
		{8A4B270A-9A00-4416-A40E-C1650A39ABAD}.Debug|Any CPU.ActiveCfg = Debug|Any CPU
		{8A4B270A-9A00-4416-A40E-C1650A39ABAD}.Debug|Any CPU.Build.0 = Debug|Any CPU
		{8A4B270A-9A00-4416-A40E-C1650A39ABAD}.Release|Any CPU.ActiveCfg = Release|Any CPU
		{8A4B270A-9A00-4416-A40E-C1650A39ABAD}.Release|Any CPU.Build.0 = Release|Any CPU
		{58FDBD39-51B9-4F44-878D-C2DF15B7286B}.Debug|Any CPU.ActiveCfg = Debug|Any CPU
		{58FDBD39-51B9-4F44-878D-C2DF15B7286B}.Debug|Any CPU.Build.0 = Debug|Any CPU
		{58FDBD39-51B9-4F44-878D-C2DF15B7286B}.Release|Any CPU.ActiveCfg = Release|Any CPU
		{58FDBD39-51B9-4F44-878D-C2DF15B7286B}.Release|Any CPU.Build.0 = Release|Any CPU
		{678D2D60-5522-4355-AE8E-4B13140DAF3D}.Debug|Any CPU.ActiveCfg = Debug|Any CPU
		{678D2D60-5522-4355-AE8E-4B13140DAF3D}.Debug|Any CPU.Build.0 = Debug|Any CPU
		{678D2D60-5522-4355-AE8E-4B13140DAF3D}.Release|Any CPU.ActiveCfg = Release|Any CPU
		{678D2D60-5522-4355-AE8E-4B13140DAF3D}.Release|Any CPU.Build.0 = Release|Any CPU
	EndGlobalSection
	GlobalSection(SolutionProperties) = preSolution
		HideSolutionNode = FALSE
	EndGlobalSection
	GlobalSection(NestedProjects) = preSolution
		{FB464ADA-526A-49CB-B31D-730D808EDED0} = {D635824E-349A-4B66-B335-26C53FB2F530}
		{619FB45F-BD60-48F2-8A8D-2BC2671BA3D7} = {D635824E-349A-4B66-B335-26C53FB2F530}
		{9F63B3C1-88FE-407B-84A1-5D505582CAE0} = {D635824E-349A-4B66-B335-26C53FB2F530}
		{2BB01042-D2D4-400F-8AA6-9A6C6CD8846D} = {FB464ADA-526A-49CB-B31D-730D808EDED0}
		{DC0DC7A2-80FA-419A-9E0F-D9A20186412D} = {FB464ADA-526A-49CB-B31D-730D808EDED0}
		{F52940D0-3AD1-4FDA-821F-D9468937CFF2} = {FB464ADA-526A-49CB-B31D-730D808EDED0}
		{8CC0F3EB-72CF-4D19-8D62-2226399DAD61} = {FB464ADA-526A-49CB-B31D-730D808EDED0}
		{90D5061E-247D-497C-8FFF-EBAA8F9830FC} = {FB464ADA-526A-49CB-B31D-730D808EDED0}
		{BD4A3465-2F2E-4A51-9A9C-0FA428A5ACCC} = {FB464ADA-526A-49CB-B31D-730D808EDED0}
		{76725C3C-89FA-4EF6-B039-2D28AE9704D0} = {FB464ADA-526A-49CB-B31D-730D808EDED0}
		{63295E37-DAA6-4CA7-886C-9459071EB93B} = {FB464ADA-526A-49CB-B31D-730D808EDED0}
		{70D26502-11E2-48DF-8915-4C691CD2D2AB} = {9F63B3C1-88FE-407B-84A1-5D505582CAE0}
		{DE2721CB-2B77-46E0-9B31-2C1B4FBDF830} = {FB464ADA-526A-49CB-B31D-730D808EDED0}
		{76217F3C-1B27-49E8-A7B1-71A210807DDC} = {FB464ADA-526A-49CB-B31D-730D808EDED0}
		{8A4B270A-9A00-4416-A40E-C1650A39ABAD} = {FB464ADA-526A-49CB-B31D-730D808EDED0}
		{58FDBD39-51B9-4F44-878D-C2DF15B7286B} = {619FB45F-BD60-48F2-8A8D-2BC2671BA3D7}
		{678D2D60-5522-4355-AE8E-4B13140DAF3D} = {FB464ADA-526A-49CB-B31D-730D808EDED0}
	EndGlobalSection
	GlobalSection(ExtensibilityGlobals) = postSolution
		SolutionGuid = {9BFD0213-F307-4354-A314-C05885DCA1DD}
	EndGlobalSection
EndGlobal
