
Microsoft Visual Studio Solution File, Format Version 12.00
# Visual Studio Version 17
VisualStudioVersion = 17.0.32126.317
MinimumVisualStudioVersion = 10.0.40219.1
Project("{2150E333-8FDC-42A3-9474-1A3956D46DE8}") = "src", "src", "{D635824E-349A-4B66-B335-26C53FB2F530}"
EndProject
Project("{2150E333-8FDC-42A3-9474-1A3956D46DE8}") = "Libraries", "Libraries", "{FB464ADA-526A-49CB-B31D-730D808EDED0}"
EndProject
Project("{2150E333-8FDC-42A3-9474-1A3956D46DE8}") = "UI", "UI", "{619FB45F-BD60-48F2-8A8D-2BC2671BA3D7}"
EndProject
Project("{9A19103F-16F7-4668-BE54-9A1E7A4F7556}") = "BlogApp.Core", "BlogApp.Core\BlogApp.Core.csproj", "{E289F5BC-E4BA-46C1-88B4-5C41339EBEE8}"
EndProject
Project("{2150E333-8FDC-42A3-9474-1A3956D46DE8}") = "Solution Items", "Solution Items", "{8CE948F1-FA91-41B2-9C7B-088C1B5AC1F8}"
	ProjectSection(SolutionItems) = preProject
		.editorconfig = .editorconfig
	EndProjectSection
EndProject
Project("{9A19103F-16F7-4668-BE54-9A1E7A4F7556}") = "BlogApp.Entities", "BlogApp.Entities\BlogApp.Entities.csproj", "{939E9EED-05E0-4F1B-B7DE-93E96981A51D}"
EndProject
Project("{9A19103F-16F7-4668-BE54-9A1E7A4F7556}") = "BlogApp.DataAccess", "BlogApp.DataAccess\BlogApp.DataAccess.csproj", "{D82BF3F1-94B6-4785-94EF-1A9DCDB5DC21}"
EndProject
Project("{9A19103F-16F7-4668-BE54-9A1E7A4F7556}") = "BlogApp.Business", "BlogApp.Business\BlogApp.Business.csproj", "{6C7AB996-2280-434F-9FDD-5937D8AF6170}"
EndProject
Project("{2150E333-8FDC-42A3-9474-1A3956D46DE8}") = "Tests", "Tests", "{9F63B3C1-88FE-407B-84A1-5D505582CAE0}"
EndProject
Project("{9A19103F-16F7-4668-BE54-9A1E7A4F7556}") = "BlogApp.UnitTests", "BlogApp.UnitTests\BlogApp.UnitTests.csproj", "{061608E6-734F-4B6A-BBB9-4E55D77E0A57}"
EndProject
Project("{9A19103F-16F7-4668-BE54-9A1E7A4F7556}") = "BlogApp.API", "BlogApp.API\BlogApp.API.csproj", "{A759ED6F-56A0-472D-AFD4-1DECE4087F15}"
EndProject
Project("{9A19103F-16F7-4668-BE54-9A1E7A4F7556}") = "BlogApp.Entities.Dtos", "BlogApp.Entities.Dtos\BlogApp.Entities.Dtos.csproj", "{530CDE45-3FF0-43AF-9D57-E0EF2CE4E049}"
EndProject
Project("{9A19103F-16F7-4668-BE54-9A1E7A4F7556}") = "BlogApp.DataAccess.Mapping", "BlogApp.DataAccess.Mapping\BlogApp.DataAccess.Mapping.csproj", "{CEC5886C-D8F0-4619-880E-BE361E2A1254}"
EndProject
Project("{FAE04EC0-301F-11D3-BF4B-00C04F79EFBC}") = "BlogApp.Authentication", "BlogApp.Authentication\BlogApp.Authentication.csproj", "{F8AA0768-02C2-4E58-AA13-EC81CB8904A5}"
EndProject
Global
	GlobalSection(SolutionConfigurationPlatforms) = preSolution
		Debug|Any CPU = Debug|Any CPU
		Release|Any CPU = Release|Any CPU
	EndGlobalSection
	GlobalSection(ProjectConfigurationPlatforms) = postSolution
		{E289F5BC-E4BA-46C1-88B4-5C41339EBEE8}.Debug|Any CPU.ActiveCfg = Debug|Any CPU
		{E289F5BC-E4BA-46C1-88B4-5C41339EBEE8}.Debug|Any CPU.Build.0 = Debug|Any CPU
		{E289F5BC-E4BA-46C1-88B4-5C41339EBEE8}.Release|Any CPU.ActiveCfg = Release|Any CPU
		{E289F5BC-E4BA-46C1-88B4-5C41339EBEE8}.Release|Any CPU.Build.0 = Release|Any CPU
		{939E9EED-05E0-4F1B-B7DE-93E96981A51D}.Debug|Any CPU.ActiveCfg = Debug|Any CPU
		{939E9EED-05E0-4F1B-B7DE-93E96981A51D}.Debug|Any CPU.Build.0 = Debug|Any CPU
		{939E9EED-05E0-4F1B-B7DE-93E96981A51D}.Release|Any CPU.ActiveCfg = Release|Any CPU
		{939E9EED-05E0-4F1B-B7DE-93E96981A51D}.Release|Any CPU.Build.0 = Release|Any CPU
		{D82BF3F1-94B6-4785-94EF-1A9DCDB5DC21}.Debug|Any CPU.ActiveCfg = Debug|Any CPU
		{D82BF3F1-94B6-4785-94EF-1A9DCDB5DC21}.Debug|Any CPU.Build.0 = Debug|Any CPU
		{D82BF3F1-94B6-4785-94EF-1A9DCDB5DC21}.Release|Any CPU.ActiveCfg = Release|Any CPU
		{D82BF3F1-94B6-4785-94EF-1A9DCDB5DC21}.Release|Any CPU.Build.0 = Release|Any CPU
		{6C7AB996-2280-434F-9FDD-5937D8AF6170}.Debug|Any CPU.ActiveCfg = Debug|Any CPU
		{6C7AB996-2280-434F-9FDD-5937D8AF6170}.Debug|Any CPU.Build.0 = Debug|Any CPU
		{6C7AB996-2280-434F-9FDD-5937D8AF6170}.Release|Any CPU.ActiveCfg = Release|Any CPU
		{6C7AB996-2280-434F-9FDD-5937D8AF6170}.Release|Any CPU.Build.0 = Release|Any CPU
		{061608E6-734F-4B6A-BBB9-4E55D77E0A57}.Debug|Any CPU.ActiveCfg = Debug|Any CPU
		{061608E6-734F-4B6A-BBB9-4E55D77E0A57}.Debug|Any CPU.Build.0 = Debug|Any CPU
		{061608E6-734F-4B6A-BBB9-4E55D77E0A57}.Release|Any CPU.ActiveCfg = Release|Any CPU
		{061608E6-734F-4B6A-BBB9-4E55D77E0A57}.Release|Any CPU.Build.0 = Release|Any CPU
		{A759ED6F-56A0-472D-AFD4-1DECE4087F15}.Debug|Any CPU.ActiveCfg = Debug|Any CPU
		{A759ED6F-56A0-472D-AFD4-1DECE4087F15}.Debug|Any CPU.Build.0 = Debug|Any CPU
		{A759ED6F-56A0-472D-AFD4-1DECE4087F15}.Release|Any CPU.ActiveCfg = Release|Any CPU
		{A759ED6F-56A0-472D-AFD4-1DECE4087F15}.Release|Any CPU.Build.0 = Release|Any CPU
		{530CDE45-3FF0-43AF-9D57-E0EF2CE4E049}.Debug|Any CPU.ActiveCfg = Debug|Any CPU
		{530CDE45-3FF0-43AF-9D57-E0EF2CE4E049}.Debug|Any CPU.Build.0 = Debug|Any CPU
		{530CDE45-3FF0-43AF-9D57-E0EF2CE4E049}.Release|Any CPU.ActiveCfg = Release|Any CPU
		{530CDE45-3FF0-43AF-9D57-E0EF2CE4E049}.Release|Any CPU.Build.0 = Release|Any CPU
		{CEC5886C-D8F0-4619-880E-BE361E2A1254}.Debug|Any CPU.ActiveCfg = Debug|Any CPU
		{CEC5886C-D8F0-4619-880E-BE361E2A1254}.Debug|Any CPU.Build.0 = Debug|Any CPU
		{CEC5886C-D8F0-4619-880E-BE361E2A1254}.Release|Any CPU.ActiveCfg = Release|Any CPU
		{CEC5886C-D8F0-4619-880E-BE361E2A1254}.Release|Any CPU.Build.0 = Release|Any CPU
		{F8AA0768-02C2-4E58-AA13-EC81CB8904A5}.Debug|Any CPU.ActiveCfg = Debug|Any CPU
		{F8AA0768-02C2-4E58-AA13-EC81CB8904A5}.Debug|Any CPU.Build.0 = Debug|Any CPU
		{F8AA0768-02C2-4E58-AA13-EC81CB8904A5}.Release|Any CPU.ActiveCfg = Release|Any CPU
		{F8AA0768-02C2-4E58-AA13-EC81CB8904A5}.Release|Any CPU.Build.0 = Release|Any CPU
	EndGlobalSection
	GlobalSection(SolutionProperties) = preSolution
		HideSolutionNode = FALSE
	EndGlobalSection
	GlobalSection(NestedProjects) = preSolution
		{FB464ADA-526A-49CB-B31D-730D808EDED0} = {D635824E-349A-4B66-B335-26C53FB2F530}
		{619FB45F-BD60-48F2-8A8D-2BC2671BA3D7} = {D635824E-349A-4B66-B335-26C53FB2F530}
		{E289F5BC-E4BA-46C1-88B4-5C41339EBEE8} = {FB464ADA-526A-49CB-B31D-730D808EDED0}
		{939E9EED-05E0-4F1B-B7DE-93E96981A51D} = {FB464ADA-526A-49CB-B31D-730D808EDED0}
		{D82BF3F1-94B6-4785-94EF-1A9DCDB5DC21} = {FB464ADA-526A-49CB-B31D-730D808EDED0}
		{6C7AB996-2280-434F-9FDD-5937D8AF6170} = {FB464ADA-526A-49CB-B31D-730D808EDED0}
		{9F63B3C1-88FE-407B-84A1-5D505582CAE0} = {D635824E-349A-4B66-B335-26C53FB2F530}
		{061608E6-734F-4B6A-BBB9-4E55D77E0A57} = {9F63B3C1-88FE-407B-84A1-5D505582CAE0}
		{A759ED6F-56A0-472D-AFD4-1DECE4087F15} = {FB464ADA-526A-49CB-B31D-730D808EDED0}
		{530CDE45-3FF0-43AF-9D57-E0EF2CE4E049} = {FB464ADA-526A-49CB-B31D-730D808EDED0}
		{CEC5886C-D8F0-4619-880E-BE361E2A1254} = {FB464ADA-526A-49CB-B31D-730D808EDED0}
		{F8AA0768-02C2-4E58-AA13-EC81CB8904A5} = {FB464ADA-526A-49CB-B31D-730D808EDED0}
	EndGlobalSection
	GlobalSection(ExtensibilityGlobals) = postSolution
		SolutionGuid = {9BFD0213-F307-4354-A314-C05885DCA1DD}
	EndGlobalSection
EndGlobal
